{
    "hash": "52774c488b458f7e56e1e0cb0a4c7677",
    "packages": [
        {
            "name": "facebook/php-sdk",
            "version": "v3.2.0",
            "source": {
                "type": "git",
                "url": "git://github.com/facebook/facebook-php-sdk.git",
                "reference": "v3.2.0"
            },
            "dist": {
                "type": "zip",
                "url": "https://github.com/facebook/facebook-php-sdk/zipball/v3.2.0",
                "reference": "v3.2.0",
                "shasum": ""
            },
            "require": {
                "php": ">=5.2.0",
                "ext-curl": "*",
                "ext-json": "*"
            },
            "time": "2012-08-14 10:28:20",
            "type": "library",
            "installation-source": "dist",
            "autoload": {
                "classmap": [
                    "src"
                ]
            },
            "license": [
                "Apache2"
            ],
            "authors": [
                {
                    "name": "Facebook",
                    "homepage": "https://github.com/facebook/facebook-php-sdk/contributors"
                }
            ],
            "description": "Facebook PHP SDK",
            "homepage": "https://github.com/facebook/facebook-php-sdk",
            "keywords": [
                "facebook",
                "sdk"
            ]
        },
        {
            "name": "monolog/monolog",
            "version": "dev-master",
            "source": {
                "type": "git",
                "url": "https://github.com/Crowdpark/monolog.git",
                "reference": "a90496bfa20598d51e10153fd3b8e8c7a1730ede"
            },
            "dist": {
                "type": "zip",
                "url": "https://github.com/Crowdpark/monolog/archive/a90496bfa20598d51e10153fd3b8e8c7a1730ede.zip",
                "reference": "a90496bfa20598d51e10153fd3b8e8c7a1730ede",
                "shasum": ""
            },
            "require": {
                "php": ">=5.3.0"
            },
            "require-dev": {
                "mlehner/gelf-php": "1.0.*"
            },
            "suggest": {
                "mlehner/gelf-php": "Allow sending log messages to a GrayLog2 server",
                "ext-amqp": "Allow sending log messages to an AMQP server (1.0+ required)",
                "ext-mongo": "Allow sending log messages to a MongoDB server",
                "ext-zmq": "Allow sending log messages to a ZeroMQ server"
            },
            "time": "1353012242",
            "type": "library",
            "extra": {
                "branch-alias": {
                    "dev-master": "1.3.x-dev"
                }
            },
            "installation-source": "source",
            "autoload": {
                "psr-0": {
                    "Monolog": "src/"
                }
            },
            "license": [
                "MIT"
            ],
            "authors": [
                {
                    "name": "Jordi Boggiano",
                    "email": "j.boggiano@seld.be",
                    "homepage": "http://seld.be"
                }
            ],
            "description": "Logging for PHP 5.3",
            "homepage": "http://github.com/Seldaek/monolog",
            "keywords": [
                "log",
                "logging"
            ],
            "support": {
                "source": "https://github.com/Crowdpark/monolog/tree/master"
            }
        },
        {
            "name": "mustache/mustache",
            "version": "v2.0.2",
            "source": {
                "type": "git",
                "url": "https://github.com/bobthecow/mustache.php",
                "reference": "v2.0.2"
            },
            "dist": {
                "type": "zip",
                "url": "https://github.com/bobthecow/mustache.php/zipball/v2.0.2",
                "reference": "v2.0.2",
                "shasum": ""
            },
            "require": {
                "php": ">=5.2.4"
            },
            "time": "2012-09-12 09:13:06",
            "type": "library",
            "installation-source": "dist",
            "autoload": {
                "psr-0": {
                    "Mustache": "src/"
                }
            },
            "license": [
                "MIT"
            ],
            "authors": [
                {
                    "name": "Justin Hileman",
                    "email": "justin@justinhileman.info",
                    "homepage": "http://justinhileman.com"
                }
            ],
            "description": "A Mustache implementation in PHP.",
            "homepage": "https://github.com/bobthecow/mustache.php",
            "keywords": [
                "templating",
                "mustache"
            ]
        },
        {
            "name": "pda/pheanstalk",
            "version": "dev-master",
            "source": {
                "type": "git",
                "url": "https://github.com/pda/pheanstalk",
                "reference": "6ea53aa65bc460b4163f612a9e0e3594f28eed1c"
            },
            "dist": {
                "type": "zip",
                "url": "https://github.com/pda/pheanstalk/archive/6ea53aa65bc460b4163f612a9e0e3594f28eed1c.zip",
                "reference": "6ea53aa65bc460b4163f612a9e0e3594f28eed1c",
                "shasum": ""
            },
            "require": {
                "php": ">=5.3.0"
            },
            "time": "1351306996",
            "type": "library",
            "installation-source": "source",
            "autoload": {
                "psr-0": {
                    "Pheanstalk": "classes/"
                }
            },
            "license": [
                "MIT"
            ],
            "authors": [
                {
                    "name": "Paul Annesley",
                    "email": "paul@annesley.cc",
                    "homepage": "http://paul.annesley.cc/",
                    "role": "Developer"
                }
            ],
            "description": "PHP client for beanstalkd queue",
            "homepage": "https://github.com/pda/pheanstalk",
            "keywords": [
                "beanstalkd"
            ]
        },
        {
            "name": "processus/jsonrpcpipe",
            "version": "dev-master",
            "source": {
                "type": "git",
                "url": "https://github.com/bastman/processus-jsonrpc-pipe.git",
                "reference": "263455792b0c6b1fd89f8ff3881f5f136b8baf56"
            },
            "dist": {
                "type": "zip",
                "url": "https://github.com/bastman/processus-jsonrpc-pipe/archive/263455792b0c6b1fd89f8ff3881f5f136b8baf56.zip",
                "reference": "263455792b0c6b1fd89f8ff3881f5f136b8baf56",
                "shasum": ""
            },
            "require": {
                "php": ">=5.3.3",
                "symfony/class-loader": "2.1.*"
            },
            "time": "1351794071",
            "type": "library",
            "installation-source": "source",
            "autoload": {
                "psr-0": {
                    "Processus\\": "src",
                    "TestStackExample\\": "example/teststack"
                }
            },
            "license": [
                "MIT"
            ],
            "authors": [
                {
                    "name": "Sebastian Schmidt",
                    "email": "sebastian.schmidt@crowdpark.com",
                    "homepage": "http://www.crowdpark.com",
                    "role": "Developer"
                }
            ],
            "description": "json rpc pipe",
            "homepage": "http://github.com/Crowdpark/processus-jsonrpc-pipe",
            "keywords": [
                "library",
                "json",
                "rpc"
            ],
            "support": {
                "issues": "https://github.com/Crowdpark/processus-jsonrpc-pipe/issues",
                "source": "https://github.com/bastman/processus-jsonrpc-pipe/tree/master"
            }
        },
        {
            "name": "processus/ruhebett",
            "version": "dev-master",
            "source": {
                "type": "git",
                "url": "https://github.com/Crowdpark/processus-ruhebett.git",
                "reference": "06fc45f39a2067fa66a0d366361b1f8ec7d9d1ea"
            },
            "dist": {
                "type": "zip",
                "url": "https://github.com/Crowdpark/processus-ruhebett/archive/06fc45f39a2067fa66a0d366361b1f8ec7d9d1ea.zip",
                "reference": "06fc45f39a2067fa66a0d366361b1f8ec7d9d1ea",
                "shasum": ""
            },
            "require": {
                "php": ">=5.3"
            },
            "time": "1353328370",
            "type": "library",
            "installation-source": "source",
            "autoload": {
                "psr-0": {
                    "Processus\\": "src"
                }
            },
            "license": [
                "MIT"
            ],
            "authors": [
                {
                    "name": "Francis Varga",
                    "email": "fv@crowdpark.com",
                    "homepage": "http://www.crowdpark.com",
                    "role": "Developer"
                }
            ],
            "description": "Talking with Couchbase",
            "homepage": "http://github.com/Crowdpark/processus-ruhebett",
            "keywords": [
                "library",
                "couchbase",
                "memcached",
                "nosql"
            ],
            "support": {
                "issues": "https://github.com/Crowdpark/processus-ruhebett/issues",
                "source": "https://github.com/Crowdpark/processus-ruhebett/tree/master"
            }
        },
        {
            "name": "processus/schnarchnase",
            "version": "dev-master",
            "source": {
                "type": "git",
                "url": "https://github.com/Crowdpark/processus-schnarchnase.git",
                "reference": "d09945c663e79b7c04825065fce31b758024da6e"
            },
            "dist": {
                "type": "zip",
                "url": "https://github.com/Crowdpark/processus-schnarchnase/archive/d09945c663e79b7c04825065fce31b758024da6e.zip",
                "reference": "d09945c663e79b7c04825065fce31b758024da6e",
                "shasum": ""
            },
            "require": {
                "php": ">=5.3",
                "processus/ruhebett": "dev-master"
            },
            "time": "1353328411",
            "type": "library",
            "installation-source": "source",
            "autoload": {
                "psr-0": {
                    "Processus\\": "src/"
                }
            },
            "description": "Schnarchnase help to model your data for couchbase",
            "support": {
                "source": "https://github.com/Crowdpark/processus-schnarchnase/tree/master",
                "issues": "https://github.com/Crowdpark/processus-schnarchnase/issues"
            }
        },
        {
            "name": "processus/spl",
            "version": "dev-master",
            "source": {
                "type": "git",
                "url": "https://github.com/Crowdpark/processus-spl.git",
                "reference": "6a8705362fe08b112e6bff95b42ebdab91c25976"
            },
            "dist": {
                "type": "zip",
                "url": "https://github.com/Crowdpark/processus-spl/archive/6a8705362fe08b112e6bff95b42ebdab91c25976.zip",
                "reference": "6a8705362fe08b112e6bff95b42ebdab91c25976",
                "shasum": ""
            },
            "require": {
                "php": ">=5.3"
            },
            "time": "1353328437",
            "type": "library",
            "installation-source": "source",
            "autoload": {
                "psr-0": {
                    "Processus\\": "src"
                }
            },
            "license": [
                "MIT"
            ],
            "authors": [
                {
                    "name": "Francis Varga",
                    "email": "fv@crowdpark.com",
                    "homepage": "http://www.crowdpark.com",
                    "role": "Developer"
                }
            ],
            "description": "Standard lib for all Processus modules",
            "homepage": "http://github.com/Crowdpark/processus-spl",
            "keywords": [
                "library",
                "standard",
                "library"
            ],
            "support": {
                "issues": "https://github.com/Crowdpark/processus-spl/issues",
                "source": "https://github.com/Crowdpark/processus-spl/tree/master"
            }
        },
        {
            "name": "swiftmailer/swiftmailer",
            "version": "v4.2.2",
            "source": {
                "type": "git",
                "url": "git://github.com/swiftmailer/swiftmailer.git",
                "reference": "v4.2.2"
            },
            "dist": {
                "type": "zip",
                "url": "https://github.com/swiftmailer/swiftmailer/zipball/v4.2.2",
                "reference": "v4.2.2",
                "shasum": ""
            },
            "require": {
                "php": ">=5.2.4"
            },
            "time": "2012-10-25 01:30:40",
            "type": "library",
            "extra": {
                "branch-alias": {
                    "dev-master": "4.2-dev"
                }
            },
            "installation-source": "dist",
            "autoload": {
                "files": [
                    "lib/swift_required.php"
                ]
            },
            "license": [
                "LGPL"
            ],
            "authors": [
                {
                    "name": "Fabien Potencier",
                    "email": "fabien@symfony.com"
                },
                {
                    "name": "Chris Corbyn"
                }
            ],
            "description": "Swiftmailer, free feature-rich PHP mailer",
            "homepage": "http://swiftmailer.org",
            "keywords": [
                "mail",
                "mailer"
            ]
        },
        {
            "name": "symfony/class-loader",
            "version": "v2.1.3",
            "target-dir": "Symfony/Component/ClassLoader",
            "source": {
                "type": "git",
                "url": "https://github.com/symfony/ClassLoader",
                "reference": "v2.1.3"
            },
            "dist": {
                "type": "zip",
                "url": "https://github.com/symfony/ClassLoader/zipball/v2.1.3",
                "reference": "v2.1.3",
                "shasum": ""
            },
            "require": {
                "php": ">=5.3.3"
            },
            "require-dev": {
                "symfony/finder": "2.1.*"
            },
            "time": "2012-10-27 08:59:21",
            "type": "library",
            "extra": {
                "branch-alias": {
                    "dev-master": "2.1-dev"
                }
            },
            "installation-source": "dist",
            "autoload": {
                "psr-0": {
                    "Symfony\\Component\\ClassLoader": ""
                }
            },
            "license": [
                "MIT"
            ],
            "authors": [
                {
                    "name": "Fabien Potencier",
                    "email": "fabien@symfony.com"
                },
                {
                    "name": "Symfony Community",
                    "homepage": "http://symfony.com/contributors"
                }
            ],
            "description": "Symfony ClassLoader Component",
            "homepage": "http://symfony.com"
        },
        {
            "name": "symfony/console",
            "version": "v2.1.3",
            "target-dir": "Symfony/Component/Console",
            "source": {
                "type": "git",
                "url": "https://github.com/symfony/Console",
                "reference": "v2.1.3"
            },
            "dist": {
                "type": "zip",
                "url": "https://github.com/symfony/Console/zipball/v2.1.3",
                "reference": "v2.1.3",
                "shasum": ""
            },
            "require": {
                "php": ">=5.3.3"
            },
            "time": "2012-10-22 07:37:12",
            "type": "library",
            "extra": {
                "branch-alias": {
                    "dev-master": "2.1-dev"
                }
            },
            "installation-source": "dist",
            "autoload": {
                "psr-0": {
                    "Symfony\\Component\\Console": ""
                }
            },
            "license": [
                "MIT"
            ],
            "authors": [
                {
                    "name": "Fabien Potencier",
                    "email": "fabien@symfony.com"
                },
                {
                    "name": "Symfony Community",
                    "homepage": "http://symfony.com/contributors"
                }
            ],
            "description": "Symfony Console Component",
            "homepage": "http://symfony.com"
        },
        {
            "name": "symfony/process",
            "version": "v2.1.3",
            "target-dir": "Symfony/Component/Process",
            "source": {
                "type": "git",
                "url": "https://github.com/symfony/Process",
                "reference": "v2.1.3"
            },
            "dist": {
                "type": "zip",
                "url": "https://github.com/symfony/Process/zipball/v2.1.3",
                "reference": "v2.1.3",
                "shasum": ""
            },
            "require": {
                "php": ">=5.3.3"
            },
            "time": "2012-10-20 00:10:30",
            "type": "library",
            "extra": {
                "branch-alias": {
                    "dev-master": "2.1-dev"
                }
            },
            "installation-source": "dist",
            "autoload": {
                "psr-0": {
                    "Symfony\\Component\\Process": ""
                }
            },
            "license": [
                "MIT"
            ],
            "authors": [
                {
                    "name": "Fabien Potencier",
                    "email": "fabien@symfony.com"
                },
                {
                    "name": "Symfony Community",
                    "homepage": "http://symfony.com/contributors"
                }
            ],
            "description": "Symfony Process Component",
            "homepage": "http://symfony.com"
        },
        {
            "name": "symfony/yaml",
            "version": "v2.1.3",
            "target-dir": "Symfony/Component/Yaml",
            "source": {
                "type": "git",
                "url": "https://github.com/symfony/Yaml",
                "reference": "v2.1.3"
            },
            "dist": {
                "type": "zip",
                "url": "https://github.com/symfony/Yaml/zipball/v2.1.3",
                "reference": "v2.1.3",
                "shasum": ""
            },
            "require": {
                "php": ">=5.3.3"
            },
            "time": "2012-10-29 04:15:41",
            "type": "library",
            "extra": {
                "branch-alias": {
                    "dev-master": "2.1-dev"
                }
            },
            "installation-source": "dist",
            "autoload": {
                "psr-0": {
                    "Symfony\\Component\\Yaml": ""
                }
            },
            "license": [
                "MIT"
            ],
            "authors": [
                {
                    "name": "Fabien Potencier",
                    "email": "fabien@symfony.com"
                },
                {
                    "name": "Symfony Community",
                    "homepage": "http://symfony.com/contributors"
                }
            ],
            "description": "Symfony Yaml Component",
            "homepage": "http://symfony.com"
        },
        {
            "name": "unitedprototype/php-ga",
            "version": "dev-master",
            "source": {
                "type": "git",
                "url": "https://github.com/Crowdpark/php-ga.git",
                "reference": "942faa4259b688a3084b6d4835bc123b38d33768"
            },
            "dist": {
                "type": "zip",
                "url": "https://github.com/Crowdpark/php-ga/archive/942faa4259b688a3084b6d4835bc123b38d33768.zip",
                "reference": "942faa4259b688a3084b6d4835bc123b38d33768",
                "shasum": ""
            },
            "require": {
                "php": ">=5.3"
            },
            "time": "1352423039",
            "type": "library",
            "installation-source": "source",
            "autoload": {
                "psr-0": {
                    "UnitedPrototype\\": "src/"
                }
            },
            "license": [
                "LGPL-3.0"
            ],
            "description": "'ga.js in PHP' - Implementation of a generic server-side Google Analytics client in PHP that implements nearly every parameter and tracking feature of the original GA Javascript client.",
            "homepage": "http://code.google.com/p/php-ga/",
            "support": {
                "source": "https://github.com/Crowdpark/php-ga/tree/master",
                "issues": "https://github.com/Crowdpark/php-ga/issues"
            }
        },
        {
            "name": "zendframework/zendframework",
            "version": "2.0.0",
            "source": {
                "type": "git",
                "url": "git://github.com/zendframework/zf2.git",
                "reference": "release-2.0.0"
            },
            "dist": {
                "type": "zip",
                "url": "http://packages.zendframework.com/releases/ZendFramework-2.0.0/ZendFramework-2.0.0.zip",
                "reference": "release-2.0.0",
                "shasum": "3c2c5fccdc57430b701c38f9459f7b50c9d14caf"
            },
            "require": {
                "php": ">=5.3.3"
            },
            "replace": {
                "zendframework/zend-acl": "self.version",
                "zendframework/zend-authentication": "self.version",
                "zendframework/zend-barcode": "self.version",
                "zendframework/zend-cache": "self.version",
                "zendframework/zend-captcha": "self.version",
                "zendframework/zend-code": "self.version",
                "zendframework/zend-config": "self.version",
                "zendframework/zend-console": "self.version",
                "zendframework/zend-crypt": "self.version",
                "zendframework/zend-db": "self.version",
                "zendframework/zend-di": "self.version",
                "zendframework/zend-dom": "self.version",
                "zendframework/zend-escaper": "self.version",
                "zendframework/zend-eventmanager": "self.version",
                "zendframework/zend-feed": "self.version",
                "zendframework/zend-file": "self.version",
                "zendframework/zend-filter": "self.version",
                "zendframework/zend-form": "self.version",
                "zendframework/zend-http": "self.version",
                "zendframework/zend-i18n": "self.version",
                "zendframework/zend-inputfilter": "self.version",
                "zendframework/zend-json": "self.version",
                "zendframework/zend-ldap": "self.version",
                "zendframework/zend-loader": "self.version",
                "zendframework/zend-log": "self.version",
                "zendframework/zend-mail": "self.version",
                "zendframework/zend-markup": "self.version",
                "zendframework/zend-math": "self.version",
                "zendframework/zend-memory": "self.version",
                "zendframework/zend-mime": "self.version",
                "zendframework/zend-modulemanager": "self.version",
                "zendframework/zend-mvc": "self.version",
                "zendframework/zend-navigation": "self.version",
                "zendframework/zend-paginator": "self.version",
                "zendframework/zend-progressbar": "self.version",
                "zendframework/zend-serializer": "self.version",
                "zendframework/zend-server": "self.version",
                "zendframework/zend-servicemanager": "self.version",
                "zendframework/zend-session": "self.version",
                "zendframework/zend-soap": "self.version",
                "zendframework/zend-stdlib": "self.version",
                "zendframework/zend-tag": "self.version",
                "zendframework/zend-text": "self.version",
                "zendframework/zend-uri": "self.version",
                "zendframework/zend-validator": "self.version",
                "zendframework/zend-view": "self.version",
                "zendframework/zend-xmlrpc": "self.version"
            },
            "require-dev": {
                "doctrine/common": ">=2.1"
            },
            "suggest": {
                "doctrine/common": "Doctrine\\Common >=2.1 for annotation features",
                "ext-intl": "ext/intl for i18n features",
                "pecl-weakref": "Implementation of weak references for Zend\\Stdlib\\CallbackHandler",
                "zendframework/zendpdf": "ZendPdf for creating PDF representations of barcodes",
                "zendframework/zendservice-recaptcha": "ZendService\\ReCaptcha for rendering ReCaptchas in Zend\\Captcha and/or Zend\\Form"
            },
            "type": "library",
            "installation-source": "dist",
            "autoload": {
                "psr-0": {
                    "Zend\\": "library/",
                    "ZendTest\\": "tests/"
                }
            },
            "license": [
                "BSD-3-Clause"
            ],
            "description": "Zend Framework 2",
            "keywords": [
                "framework",
                "zf2"
            ],
            "support": {
                "email": "fw-general-subscribe@lists.zend.com",
                "irc": "irc://irc.freenode.net/zftalk",
                "issues": "https://github.com/zendframework/zf2/issues",
                "source": "https://github.com/zendframework/zf2"
            }
        }
    ],
    "packages-dev": null,
    "aliases": [

    ],
    "minimum-stability": "stable",
    "stability-flags": {
        "processus/ruhebett": 20,
        "processus/schnarchnase": 20,
        "processus/jsonrpcpipe": 20,
        "processus/spl": 20,
        "unitedprototype/php-ga": 20,
        "pda/pheanstalk": 20,
        "monolog/monolog": 20
    }
}
